
Microsoft Visual Studio Solution File, Format Version 12.00
# Visual Studio Version 17
VisualStudioVersion = 17.8.34408.163
MinimumVisualStudioVersion = 10.0.40219.1
Project("{FAE04EC0-301F-11D3-BF4B-00C04F79EFBC}") = "報告", "報告\報告.csproj", "{97217785-35DB-46C2-94F2-3DE942EE6920}"
EndProject
Project("{FAE04EC0-301F-11D3-BF4B-00C04F79EFBC}") = "5", "5\5.csproj", "{4D1F688E-ED1D-47F8-A987-9AD1D0496FBD}"
EndProject
Project("{FAE04EC0-301F-11D3-BF4B-00C04F79EFBC}") = "6", "6\6.csproj", "{86CD8FD9-8A0F-4460-9799-9315AF3262FA}"
EndProject
Project("{FAE04EC0-301F-11D3-BF4B-00C04F79EFBC}") = "7", "7\7.csproj", "{D347BDCD-DD20-4BA5-A31C-55A2C225FC50}"
EndProject
Project("{FAE04EC0-301F-11D3-BF4B-00C04F79EFBC}") = "8", "8\8.csproj", "{FC3ACB41-9299-4FC2-BCC7-E62450011616}"
EndProject
Project("{FAE04EC0-301F-11D3-BF4B-00C04F79EFBC}") = "1", "1\1.csproj", "{354A76C4-9A53-4611-A428-0E782AA671FF}"
EndProject
Project("{FAE04EC0-301F-11D3-BF4B-00C04F79EFBC}") = "2", "2\2.csproj", "{7C3E5357-EF66-490D-A73A-61092211DBFC}"
EndProject
Project("{FAE04EC0-301F-11D3-BF4B-00C04F79EFBC}") = "3", "3\3.csproj", "{B9D91628-ED86-422D-A638-0FB9F639988B}"
EndProject
Project("{FAE04EC0-301F-11D3-BF4B-00C04F79EFBC}") = "4", "4\4.csproj", "{6002DCA1-B284-4B59-AFC7-B1FA466DDC25}"
EndProject
Project("{FAE04EC0-301F-11D3-BF4B-00C04F79EFBC}") = "9", "9\9.csproj", "{BB581D55-BFFE-47CD-9D61-AB0CD79A760A}"
EndProject
Project("{FAE04EC0-301F-11D3-BF4B-00C04F79EFBC}") = "10", "10\10.csproj", "{5CF7F4F5-1B31-4874-8A15-1212AE78FA93}"
EndProject
Project("{FAE04EC0-301F-11D3-BF4B-00C04F79EFBC}") = "11", "11\11.csproj", "{5E842B6F-F573-42E5-A24B-A8C882002AEE}"
EndProject
Project("{FAE04EC0-301F-11D3-BF4B-00C04F79EFBC}") = "12", "12\12.csproj", "{664D7B70-90D3-4DF8-9AD1-10E7DFE30B87}"
EndProject
Project("{FAE04EC0-301F-11D3-BF4B-00C04F79EFBC}") = "13", "13\13.csproj", "{3EF2A511-180B-495A-9A29-552A3041C3D5}"
EndProject
Project("{FAE04EC0-301F-11D3-BF4B-00C04F79EFBC}") = "14", "14\14.csproj", "{7A3D7F0E-AA3C-4769-9DA0-C720704BE2F6}"
EndProject
Project("{FAE04EC0-301F-11D3-BF4B-00C04F79EFBC}") = "15", "15\15.csproj", "{30D749A9-BBC7-4B40-A155-910E9EC736A4}"
EndProject
Project("{FAE04EC0-301F-11D3-BF4B-00C04F79EFBC}") = "16", "16\16.csproj", "{57A45C95-A7D3-41EB-B58D-BB36A340EF0E}"
EndProject
Project("{FAE04EC0-301F-11D3-BF4B-00C04F79EFBC}") = "17", "17\17.csproj", "{551B135C-0496-4030-ADFD-EFA35DF8BCAE}"
EndProject
Project("{FAE04EC0-301F-11D3-BF4B-00C04F79EFBC}") = "18", "18\18.csproj", "{9E105C82-47BB-4EBF-A421-4E60FFD9F0DE}"
EndProject
Project("{FAE04EC0-301F-11D3-BF4B-00C04F79EFBC}") = "19", "19\19.csproj", "{19CBAB0D-6C6B-4B8E-80F8-BDC0C2270145}"
EndProject
Project("{FAE04EC0-301F-11D3-BF4B-00C04F79EFBC}") = "20", "20\20.csproj", "{C976DFB4-A79E-44B9-9E37-3F220D64E5FB}"
EndProject
Global
	GlobalSection(SolutionConfigurationPlatforms) = preSolution
		Debug|Any CPU = Debug|Any CPU
		Release|Any CPU = Release|Any CPU
	EndGlobalSection
	GlobalSection(ProjectConfigurationPlatforms) = postSolution
		{97217785-35DB-46C2-94F2-3DE942EE6920}.Debug|Any CPU.ActiveCfg = Debug|Any CPU
		{97217785-35DB-46C2-94F2-3DE942EE6920}.Debug|Any CPU.Build.0 = Debug|Any CPU
		{97217785-35DB-46C2-94F2-3DE942EE6920}.Release|Any CPU.ActiveCfg = Release|Any CPU
		{97217785-35DB-46C2-94F2-3DE942EE6920}.Release|Any CPU.Build.0 = Release|Any CPU
		{4D1F688E-ED1D-47F8-A987-9AD1D0496FBD}.Debug|Any CPU.ActiveCfg = Debug|Any CPU
		{4D1F688E-ED1D-47F8-A987-9AD1D0496FBD}.Debug|Any CPU.Build.0 = Debug|Any CPU
		{4D1F688E-ED1D-47F8-A987-9AD1D0496FBD}.Release|Any CPU.ActiveCfg = Release|Any CPU
		{4D1F688E-ED1D-47F8-A987-9AD1D0496FBD}.Release|Any CPU.Build.0 = Release|Any CPU
		{86CD8FD9-8A0F-4460-9799-9315AF3262FA}.Debug|Any CPU.ActiveCfg = Debug|Any CPU
		{86CD8FD9-8A0F-4460-9799-9315AF3262FA}.Debug|Any CPU.Build.0 = Debug|Any CPU
		{86CD8FD9-8A0F-4460-9799-9315AF3262FA}.Release|Any CPU.ActiveCfg = Release|Any CPU
		{86CD8FD9-8A0F-4460-9799-9315AF3262FA}.Release|Any CPU.Build.0 = Release|Any CPU
		{D347BDCD-DD20-4BA5-A31C-55A2C225FC50}.Debug|Any CPU.ActiveCfg = Debug|Any CPU
		{D347BDCD-DD20-4BA5-A31C-55A2C225FC50}.Debug|Any CPU.Build.0 = Debug|Any CPU
		{D347BDCD-DD20-4BA5-A31C-55A2C225FC50}.Release|Any CPU.ActiveCfg = Release|Any CPU
		{D347BDCD-DD20-4BA5-A31C-55A2C225FC50}.Release|Any CPU.Build.0 = Release|Any CPU
		{FC3ACB41-9299-4FC2-BCC7-E62450011616}.Debug|Any CPU.ActiveCfg = Debug|Any CPU
		{FC3ACB41-9299-4FC2-BCC7-E62450011616}.Debug|Any CPU.Build.0 = Debug|Any CPU
		{FC3ACB41-9299-4FC2-BCC7-E62450011616}.Release|Any CPU.ActiveCfg = Release|Any CPU
		{FC3ACB41-9299-4FC2-BCC7-E62450011616}.Release|Any CPU.Build.0 = Release|Any CPU
		{354A76C4-9A53-4611-A428-0E782AA671FF}.Debug|Any CPU.ActiveCfg = Debug|Any CPU
		{354A76C4-9A53-4611-A428-0E782AA671FF}.Debug|Any CPU.Build.0 = Debug|Any CPU
		{354A76C4-9A53-4611-A428-0E782AA671FF}.Release|Any CPU.ActiveCfg = Release|Any CPU
		{354A76C4-9A53-4611-A428-0E782AA671FF}.Release|Any CPU.Build.0 = Release|Any CPU
		{7C3E5357-EF66-490D-A73A-61092211DBFC}.Debug|Any CPU.ActiveCfg = Debug|Any CPU
		{7C3E5357-EF66-490D-A73A-61092211DBFC}.Debug|Any CPU.Build.0 = Debug|Any CPU
		{7C3E5357-EF66-490D-A73A-61092211DBFC}.Release|Any CPU.ActiveCfg = Release|Any CPU
		{7C3E5357-EF66-490D-A73A-61092211DBFC}.Release|Any CPU.Build.0 = Release|Any CPU
		{B9D91628-ED86-422D-A638-0FB9F639988B}.Debug|Any CPU.ActiveCfg = Debug|Any CPU
		{B9D91628-ED86-422D-A638-0FB9F639988B}.Debug|Any CPU.Build.0 = Debug|Any CPU
		{B9D91628-ED86-422D-A638-0FB9F639988B}.Release|Any CPU.ActiveCfg = Release|Any CPU
		{B9D91628-ED86-422D-A638-0FB9F639988B}.Release|Any CPU.Build.0 = Release|Any CPU
		{6002DCA1-B284-4B59-AFC7-B1FA466DDC25}.Debug|Any CPU.ActiveCfg = Debug|Any CPU
		{6002DCA1-B284-4B59-AFC7-B1FA466DDC25}.Debug|Any CPU.Build.0 = Debug|Any CPU
		{6002DCA1-B284-4B59-AFC7-B1FA466DDC25}.Release|Any CPU.ActiveCfg = Release|Any CPU
		{6002DCA1-B284-4B59-AFC7-B1FA466DDC25}.Release|Any CPU.Build.0 = Release|Any CPU
		{BB581D55-BFFE-47CD-9D61-AB0CD79A760A}.Debug|Any CPU.ActiveCfg = Debug|Any CPU
		{BB581D55-BFFE-47CD-9D61-AB0CD79A760A}.Debug|Any CPU.Build.0 = Debug|Any CPU
		{BB581D55-BFFE-47CD-9D61-AB0CD79A760A}.Release|Any CPU.ActiveCfg = Release|Any CPU
		{BB581D55-BFFE-47CD-9D61-AB0CD79A760A}.Release|Any CPU.Build.0 = Release|Any CPU
		{5CF7F4F5-1B31-4874-8A15-1212AE78FA93}.Debug|Any CPU.ActiveCfg = Debug|Any CPU
		{5CF7F4F5-1B31-4874-8A15-1212AE78FA93}.Debug|Any CPU.Build.0 = Debug|Any CPU
		{5CF7F4F5-1B31-4874-8A15-1212AE78FA93}.Release|Any CPU.ActiveCfg = Release|Any CPU
		{5CF7F4F5-1B31-4874-8A15-1212AE78FA93}.Release|Any CPU.Build.0 = Release|Any CPU
		{5E842B6F-F573-42E5-A24B-A8C882002AEE}.Debug|Any CPU.ActiveCfg = Debug|Any CPU
		{5E842B6F-F573-42E5-A24B-A8C882002AEE}.Debug|Any CPU.Build.0 = Debug|Any CPU
		{5E842B6F-F573-42E5-A24B-A8C882002AEE}.Release|Any CPU.ActiveCfg = Release|Any CPU
		{5E842B6F-F573-42E5-A24B-A8C882002AEE}.Release|Any CPU.Build.0 = Release|Any CPU
		{664D7B70-90D3-4DF8-9AD1-10E7DFE30B87}.Debug|Any CPU.ActiveCfg = Debug|Any CPU
		{664D7B70-90D3-4DF8-9AD1-10E7DFE30B87}.Debug|Any CPU.Build.0 = Debug|Any CPU
		{664D7B70-90D3-4DF8-9AD1-10E7DFE30B87}.Release|Any CPU.ActiveCfg = Release|Any CPU
		{664D7B70-90D3-4DF8-9AD1-10E7DFE30B87}.Release|Any CPU.Build.0 = Release|Any CPU
		{3EF2A511-180B-495A-9A29-552A3041C3D5}.Debug|Any CPU.ActiveCfg = Debug|Any CPU
		{3EF2A511-180B-495A-9A29-552A3041C3D5}.Debug|Any CPU.Build.0 = Debug|Any CPU
		{3EF2A511-180B-495A-9A29-552A3041C3D5}.Release|Any CPU.ActiveCfg = Release|Any CPU
		{3EF2A511-180B-495A-9A29-552A3041C3D5}.Release|Any CPU.Build.0 = Release|Any CPU
		{7A3D7F0E-AA3C-4769-9DA0-C720704BE2F6}.Debug|Any CPU.ActiveCfg = Debug|Any CPU
		{7A3D7F0E-AA3C-4769-9DA0-C720704BE2F6}.Debug|Any CPU.Build.0 = Debug|Any CPU
		{7A3D7F0E-AA3C-4769-9DA0-C720704BE2F6}.Release|Any CPU.ActiveCfg = Release|Any CPU
		{7A3D7F0E-AA3C-4769-9DA0-C720704BE2F6}.Release|Any CPU.Build.0 = Release|Any CPU
		{30D749A9-BBC7-4B40-A155-910E9EC736A4}.Debug|Any CPU.ActiveCfg = Debug|Any CPU
		{30D749A9-BBC7-4B40-A155-910E9EC736A4}.Debug|Any CPU.Build.0 = Debug|Any CPU
		{30D749A9-BBC7-4B40-A155-910E9EC736A4}.Release|Any CPU.ActiveCfg = Release|Any CPU
		{30D749A9-BBC7-4B40-A155-910E9EC736A4}.Release|Any CPU.Build.0 = Release|Any CPU
		{57A45C95-A7D3-41EB-B58D-BB36A340EF0E}.Debug|Any CPU.ActiveCfg = Debug|Any CPU
		{57A45C95-A7D3-41EB-B58D-BB36A340EF0E}.Debug|Any CPU.Build.0 = Debug|Any CPU
		{57A45C95-A7D3-41EB-B58D-BB36A340EF0E}.Release|Any CPU.ActiveCfg = Release|Any CPU
		{57A45C95-A7D3-41EB-B58D-BB36A340EF0E}.Release|Any CPU.Build.0 = Release|Any CPU
		{551B135C-0496-4030-ADFD-EFA35DF8BCAE}.Debug|Any CPU.ActiveCfg = Debug|Any CPU
		{551B135C-0496-4030-ADFD-EFA35DF8BCAE}.Debug|Any CPU.Build.0 = Debug|Any CPU
		{551B135C-0496-4030-ADFD-EFA35DF8BCAE}.Release|Any CPU.ActiveCfg = Release|Any CPU
		{551B135C-0496-4030-ADFD-EFA35DF8BCAE}.Release|Any CPU.Build.0 = Release|Any CPU
		{9E105C82-47BB-4EBF-A421-4E60FFD9F0DE}.Debug|Any CPU.ActiveCfg = Debug|Any CPU
		{9E105C82-47BB-4EBF-A421-4E60FFD9F0DE}.Debug|Any CPU.Build.0 = Debug|Any CPU
		{9E105C82-47BB-4EBF-A421-4E60FFD9F0DE}.Release|Any CPU.ActiveCfg = Release|Any CPU
		{9E105C82-47BB-4EBF-A421-4E60FFD9F0DE}.Release|Any CPU.Build.0 = Release|Any CPU
		{19CBAB0D-6C6B-4B8E-80F8-BDC0C2270145}.Debug|Any CPU.ActiveCfg = Debug|Any CPU
		{19CBAB0D-6C6B-4B8E-80F8-BDC0C2270145}.Debug|Any CPU.Build.0 = Debug|Any CPU
		{19CBAB0D-6C6B-4B8E-80F8-BDC0C2270145}.Release|Any CPU.ActiveCfg = Release|Any CPU
		{19CBAB0D-6C6B-4B8E-80F8-BDC0C2270145}.Release|Any CPU.Build.0 = Release|Any CPU
		{C976DFB4-A79E-44B9-9E37-3F220D64E5FB}.Debug|Any CPU.ActiveCfg = Debug|Any CPU
		{C976DFB4-A79E-44B9-9E37-3F220D64E5FB}.Debug|Any CPU.Build.0 = Debug|Any CPU
		{C976DFB4-A79E-44B9-9E37-3F220D64E5FB}.Release|Any CPU.ActiveCfg = Release|Any CPU
		{C976DFB4-A79E-44B9-9E37-3F220D64E5FB}.Release|Any CPU.Build.0 = Release|Any CPU
	EndGlobalSection
	GlobalSection(SolutionProperties) = preSolution
		HideSolutionNode = FALSE
	EndGlobalSection
	GlobalSection(ExtensibilityGlobals) = postSolution
		SolutionGuid = {7E0703B4-31A3-495B-A515-9CB93448FAB0}
	EndGlobalSection
EndGlobal
